
Microsoft Visual Studio Solution File, Format Version 12.00
# Visual Studio 15
Project("{FAE04EC0-301F-11D3-BF4B-00C04F79EFBC}") = "Unity.Timeline", "Unity.Timeline.csproj", "{F1526873-CAA7-D05E-E1B4-A00CF9A53A8B}"
EndProject
Project("{FAE04EC0-301F-11D3-BF4B-00C04F79EFBC}") = "Unity.RenderPipelines.GPUDriven.Runtime", "Unity.RenderPipelines.GPUDriven.Runtime.csproj", "{CABAADDB-898D-3473-7D36-08D3CDF46A06}"
EndProject
Project("{FAE04EC0-301F-11D3-BF4B-00C04F79EFBC}") = "Unity.PlasticSCM.Editor", "Unity.PlasticSCM.Editor.csproj", "{6A1C3ADA-28BA-1817-49A4-C4073EEE3F05}"
EndProject
Project("{FAE04EC0-301F-11D3-BF4B-00C04F79EFBC}") = "Unity.2D.Aseprite.Editor", "Unity.2D.Aseprite.Editor.csproj", "{35314F0B-42F7-94C9-8ABA-556328F81F56}"
EndProject
Project("{FAE04EC0-301F-11D3-BF4B-00C04F79EFBC}") = "Unity.ShaderGraph.Editor", "Unity.ShaderGraph.Editor.csproj", "{5F4E3A17-FDA8-5E2A-65CF-8053D33DE403}"
EndProject
Project("{FAE04EC0-301F-11D3-BF4B-00C04F79EFBC}") = "Unity.RenderPipelines.Core.Runtime", "Unity.RenderPipelines.Core.Runtime.csproj", "{C30040F0-2336-98D2-B6F1-0824105334A8}"
EndProject
Project("{FAE04EC0-301F-11D3-BF4B-00C04F79EFBC}") = "Unity.Mathematics", "Unity.Mathematics.csproj", "{CE03B99E-BC13-00D0-5033-403CE03FEE30}"
EndProject
Project("{FAE04EC0-301F-11D3-BF4B-00C04F79EFBC}") = "Unity.Timeline.Editor", "Unity.Timeline.Editor.csproj", "{26BF6DCA-7E16-A888-7E3A-1209D2977379}"
EndProject
Project("{FAE04EC0-301F-11D3-BF4B-00C04F79EFBC}") = "Unity.Multiplayer.Center.Editor", "Unity.Multiplayer.Center.Editor.csproj", "{2330F61E-2D49-8CC0-3F14-0737464750B4}"
EndProject
Project("{FAE04EC0-301F-11D3-BF4B-00C04F79EFBC}") = "Unity.RenderPipelines.Core.Editor", "Unity.RenderPipelines.Core.Editor.csproj", "{D581B69E-9D0C-E3CF-E234-EA07FC053446}"
EndProject
Project("{FAE04EC0-301F-11D3-BF4B-00C04F79EFBC}") = "Unity.2D.Psdimporter.Editor", "Unity.2D.Psdimporter.Editor.csproj", "{F4495197-3381-F1C4-3ED0-DFE6883E8253}"
EndProject
Project("{FAE04EC0-301F-11D3-BF4B-00C04F79EFBC}") = "UnityEngine.UI", "UnityEngine.UI.csproj", "{3AFFF36D-BFF8-5125-2A8B-302DF3FC56AA}"
EndProject
Project("{FAE04EC0-301F-11D3-BF4B-00C04F79EFBC}") = "Unity.2D.IK.Runtime", "Unity.2D.IK.Runtime.csproj", "{47980DB3-4430-5857-1454-440ECC74A987}"
EndProject
Project("{FAE04EC0-301F-11D3-BF4B-00C04F79EFBC}") = "Unity.RenderPipelines.Universal.2D.Runtime", "Unity.RenderPipelines.Universal.2D.Runtime.csproj", "{870D2FFC-7A3C-C442-D0C0-EA675303B957}"
EndProject
Project("{FAE04EC0-301F-11D3-BF4B-00C04F79EFBC}") = "Unity.Collections", "Unity.Collections.csproj", "{4F9027E4-B292-7746-7722-E72FD06F30BD}"
EndProject
Project("{FAE04EC0-301F-11D3-BF4B-00C04F79EFBC}") = "Unity.VisualScripting.Core.Editor", "Unity.VisualScripting.Core.Editor.csproj", "{00ACD6CB-B4AC-A174-116F-A7D70CC4E4FB}"
EndProject
Project("{FAE04EC0-301F-11D3-BF4B-00C04F79EFBC}") = "Unity.RenderPipelines.Universal.Editor", "Unity.RenderPipelines.Universal.Editor.csproj", "{005A8F63-CCC5-31D7-19FA-876D6A27D980}"
EndProject
Project("{FAE04EC0-301F-11D3-BF4B-00C04F79EFBC}") = "Unity.PerformanceTesting.Editor", "Unity.PerformanceTesting.Editor.csproj", "{FB334126-BE87-7F74-8852-73F047FBFA4F}"
EndProject
Project("{FAE04EC0-301F-11D3-BF4B-00C04F79EFBC}") = "UnityEngine.TestRunner", "UnityEngine.TestRunner.csproj", "{14DEB9E9-C29A-F633-3ECD-24CF5862421C}"
EndProject
Project("{FAE04EC0-301F-11D3-BF4B-00C04F79EFBC}") = "Unity.2D.Tilemap.Editor", "Unity.2D.Tilemap.Editor.csproj", "{B5E04DDC-299C-FE27-AA97-1FF073E6F132}"
EndProject
Project("{FAE04EC0-301F-11D3-BF4B-00C04F79EFBC}") = "Unity.Burst", "Unity.Burst.csproj", "{8872FB98-8B9F-62AF-FF55-560CC4DE6452}"
EndProject
Project("{FAE04EC0-301F-11D3-BF4B-00C04F79EFBC}") = "Unity.VisualScripting.Flow.Editor", "Unity.VisualScripting.Flow.Editor.csproj", "{95C9A7AB-DFCB-B2C3-6F77-210A86DBB2F1}"
EndProject
Project("{FAE04EC0-301F-11D3-BF4B-00C04F79EFBC}") = "Unity.2D.SpriteShape.Editor", "Unity.2D.SpriteShape.Editor.csproj", "{3391B1CE-9E98-1C32-F6B5-0AB29713D44B}"
EndProject
Project("{FAE04EC0-301F-11D3-BF4B-00C04F79EFBC}") = "Unity.VisualStudio.Editor", "Unity.VisualStudio.Editor.csproj", "{49B3CDB5-558B-00BB-DB5B-8C4F6CE2924E}"
EndProject
Project("{FAE04EC0-301F-11D3-BF4B-00C04F79EFBC}") = "Unity.InputSystem", "Unity.InputSystem.csproj", "{C602F280-2269-0B4E-77B9-E8D00A96A498}"
EndProject
Project("{FAE04EC0-301F-11D3-BF4B-00C04F79EFBC}") = "PPv2URPConverters", "PPv2URPConverters.csproj", "{3B0C56D4-5555-1C0D-026F-0A0E9D6BFF38}"
EndProject
Project("{FAE04EC0-301F-11D3-BF4B-00C04F79EFBC}") = "Unity.2D.Animation.Editor", "Unity.2D.Animation.Editor.csproj", "{4A93E540-2C48-546F-DB8A-2848A4581135}"
EndProject
Project("{FAE04EC0-301F-11D3-BF4B-00C04F79EFBC}") = "Unity.Searcher.Editor", "Unity.Searcher.Editor.csproj", "{921BF2B2-782A-6535-C0A6-808398648031}"
EndProject
Project("{FAE04EC0-301F-11D3-BF4B-00C04F79EFBC}") = "Unity.2D.SpriteShape.Runtime", "Unity.2D.SpriteShape.Runtime.csproj", "{633701F5-8831-A683-05B8-3A75310F70B2}"
EndProject
Project("{FAE04EC0-301F-11D3-BF4B-00C04F79EFBC}") = "UnityEditor.TestRunner", "UnityEditor.TestRunner.csproj", "{BAC55371-E9FC-7C7D-71BA-A42812EF6872}"
EndProject
Project("{FAE04EC0-301F-11D3-BF4B-00C04F79EFBC}") = "Unity.VisualScripting.Core", "Unity.VisualScripting.Core.csproj", "{32731490-D622-5DA4-BE0F-59906EE3EF21}"
EndProject
Project("{FAE04EC0-301F-11D3-BF4B-00C04F79EFBC}") = "Unity.RenderPipelines.Universal.Runtime", "Unity.RenderPipelines.Universal.Runtime.csproj", "{697E860E-CE90-D36F-6835-D39AE3C50EEF}"
EndProject
Project("{FAE04EC0-301F-11D3-BF4B-00C04F79EFBC}") = "Unity.CollabProxy.Editor", "Unity.CollabProxy.Editor.csproj", "{819EC35A-CDE5-F4E5-7FA8-73FFFF831841}"
EndProject
Project("{FAE04EC0-301F-11D3-BF4B-00C04F79EFBC}") = "Unity.VisualScripting.State.Editor", "Unity.VisualScripting.State.Editor.csproj", "{F1CB0A2E-0AA7-1ED6-6787-10A8F0E5B66E}"
EndProject
Project("{FAE04EC0-301F-11D3-BF4B-00C04F79EFBC}") = "Unity.Burst.CodeGen", "Unity.Burst.CodeGen.csproj", "{0A778D7D-6971-31E2-0195-707C38C0DEFC}"
EndProject
Project("{FAE04EC0-301F-11D3-BF4B-00C04F79EFBC}") = "Unity.VisualScripting.Flow", "Unity.VisualScripting.Flow.csproj", "{A8190FBD-B812-CB58-0069-CDC6042B470B}"
EndProject
Project("{FAE04EC0-301F-11D3-BF4B-00C04F79EFBC}") = "Unity.PerformanceTesting", "Unity.PerformanceTesting.csproj", "{28AC5978-2D36-0E70-A449-4BFCF16F8634}"
EndProject
Project("{FAE04EC0-301F-11D3-BF4B-00C04F79EFBC}") = "Unity.2D.Tilemap.Extras.Editor", "Unity.2D.Tilemap.Extras.Editor.csproj", "{B904159E-A34F-4D40-AAF6-8E293FA2CF82}"
EndProject
Project("{FAE04EC0-301F-11D3-BF4B-00C04F79EFBC}") = "Unity.TextMeshPro", "Unity.TextMeshPro.csproj", "{B83FD41E-C5E2-30C0-5231-02AB1B37A3A4}"
EndProject
Project("{FAE04EC0-301F-11D3-BF4B-00C04F79EFBC}") = "Unity.TextMeshPro.Editor", "Unity.TextMeshPro.Editor.csproj", "{B2886E91-B09F-4549-50F5-941CC38AE8CE}"
EndProject
Project("{FAE04EC0-301F-11D3-BF4B-00C04F79EFBC}") = "Unity.Rendering.LightTransport.Runtime", "Unity.Rendering.LightTransport.Runtime.csproj", "{88532BE1-BC97-F200-43AD-AE0BC3F50C0F}"
EndProject
Project("{FAE04EC0-301F-11D3-BF4B-00C04F79EFBC}") = "PsdPlugin", "PsdPlugin.csproj", "{3B34077F-CCCA-A982-77A7-47631ED61BEB}"
EndProject
Project("{FAE04EC0-301F-11D3-BF4B-00C04F79EFBC}") = "Unity.2D.IK.Editor", "Unity.2D.IK.Editor.csproj", "{2647424D-3315-5DA4-65C0-83A0B6AFD984}"
EndProject
Project("{FAE04EC0-301F-11D3-BF4B-00C04F79EFBC}") = "Unity.InternalAPIEngineBridge.001", "Unity.InternalAPIEngineBridge.001.csproj", "{A4E8EC94-79BB-E679-5611-6225444FBF47}"
EndProject
Project("{FAE04EC0-301F-11D3-BF4B-00C04F79EFBC}") = "Unity.2D.Aseprite.Common", "Unity.2D.Aseprite.Common.csproj", "{AEC1382F-649F-C3BD-4A8D-B7DB42374222}"
EndProject
Project("{FAE04EC0-301F-11D3-BF4B-00C04F79EFBC}") = "Unity.Burst.Editor", "Unity.Burst.Editor.csproj", "{D86E840E-A4B1-5701-38A5-6C71E02EAAA2}"
EndProject
Project("{FAE04EC0-301F-11D3-BF4B-00C04F79EFBC}") = "Unity.2D.Common.Path.Editor", "Unity.2D.Common.Path.Editor.csproj", "{DCA5B485-6E27-63F2-C75F-0BEF80EC6021}"
EndProject
Project("{FAE04EC0-301F-11D3-BF4B-00C04F79EFBC}") = "Unity.2D.Common.Editor", "Unity.2D.Common.Editor.csproj", "{D799A55F-C47E-4FE0-72FF-C41D1D37AB44}"
EndProject
Project("{FAE04EC0-301F-11D3-BF4B-00C04F79EFBC}") = "Unity.Rider.Editor", "Unity.Rider.Editor.csproj", "{091EAE4C-1A60-9F23-38E4-730048DDFA49}"
EndProject
Project("{FAE04EC0-301F-11D3-BF4B-00C04F79EFBC}") = "Unity.VisualScripting.State", "Unity.VisualScripting.State.csproj", "{945BDBE7-A3BB-DE31-7741-3AD962849045}"
EndProject
Project("{FAE04EC0-301F-11D3-BF4B-00C04F79EFBC}") = "Unity.InternalAPIEditorBridge.001", "Unity.InternalAPIEditorBridge.001.csproj", "{E78414BB-C0DA-47A8-F303-EB6E05DB9750}"
EndProject
Project("{FAE04EC0-301F-11D3-BF4B-00C04F79EFBC}") = "UnityEditor.UI", "UnityEditor.UI.csproj", "{2F3F2C93-8EAB-30E3-08A1-AF0CDE08F0AF}"
EndProject
Project("{FAE04EC0-301F-11D3-BF4B-00C04F79EFBC}") = "Unity.2D.PixelPerfect.Editor", "Unity.2D.PixelPerfect.Editor.csproj", "{02DE8B3C-9497-CEB8-1E6E-BFE8E3E7DF9B}"
EndProject
Project("{FAE04EC0-301F-11D3-BF4B-00C04F79EFBC}") = "Unity.2D.Sprite.Editor", "Unity.2D.Sprite.Editor.csproj", "{D64F2DA9-9618-9A71-5D51-F288DB85F789}"
EndProject
Project("{FAE04EC0-301F-11D3-BF4B-00C04F79EFBC}") = "Unity.Multiplayer.Center.Common", "Unity.Multiplayer.Center.Common.csproj", "{854BA5FA-EA23-0AEF-F172-A59D93BFCC85}"
EndProject
Project("{FAE04EC0-301F-11D3-BF4B-00C04F79EFBC}") = "Unity.InputSystem.ForUI", "Unity.InputSystem.ForUI.csproj", "{99A8E74B-974D-2D4B-1316-CF07E7144BBD}"
EndProject
Project("{FAE04EC0-301F-11D3-BF4B-00C04F79EFBC}") = "Unity.Collections.CodeGen", "Unity.Collections.CodeGen.csproj", "{FB568719-7BF7-A768-F5C6-BCB8FE2AB494}"
EndProject
Project("{FAE04EC0-301F-11D3-BF4B-00C04F79EFBC}") = "Unity.2D.Tilemap.Extras", "Unity.2D.Tilemap.Extras.csproj", "{4B49BCCA-64C8-CA93-237B-4ECD75954944}"
EndProject
Project("{FAE04EC0-301F-11D3-BF4B-00C04F79EFBC}") = "Unity.2D.Animation.Runtime", "Unity.2D.Animation.Runtime.csproj", "{ED1B29F3-D589-E853-021A-C430FC8EBBFC}"
EndProject
Project("{FAE04EC0-301F-11D3-BF4B-00C04F79EFBC}") = "Unity.Mathematics.Editor", "Unity.Mathematics.Editor.csproj", "{39865477-B583-F8D2-F8CF-B38D12F56D1E}"
EndProject
Project("{FAE04EC0-301F-11D3-BF4B-00C04F79EFBC}") = "Unity.VisualScripting.SettingsProvider.Editor", "Unity.VisualScripting.SettingsProvider.Editor.csproj", "{0DAE40C4-EC2D-0AAC-D2F7-D9DBBD1B3F17}"
EndProject
Project("{FAE04EC0-301F-11D3-BF4B-00C04F79EFBC}") = "Unity.InputSystem.TestFramework", "Unity.InputSystem.TestFramework.csproj", "{2B2344A8-872C-4E93-64EC-ED84D14A1B05}"
EndProject
Project("{FAE04EC0-301F-11D3-BF4B-00C04F79EFBC}") = "Unity.ShaderGraph.Utilities", "Unity.ShaderGraph.Utilities.csproj", "{F3D0C2AF-17E7-90CB-3449-1D8925B03AA2}"
EndProject
Project("{FAE04EC0-301F-11D3-BF4B-00C04F79EFBC}") = "Unity.VisualScripting.Shared.Editor", "Unity.VisualScripting.Shared.Editor.csproj", "{B25DE418-E2DE-6A0C-F44A-55AEAAF6D34F}"
EndProject
Project("{FAE04EC0-301F-11D3-BF4B-00C04F79EFBC}") = "Assembly-CSharp", "Assembly-CSharp.csproj", "{B0B11568-5799-89CB-8139-FF1A1A96C386}"
EndProject
Project("{FAE04EC0-301F-11D3-BF4B-00C04F79EFBC}") = "Unity.RenderPipeline.Universal.ShaderLibrary", "Unity.RenderPipeline.Universal.ShaderLibrary.csproj", "{B9B2CBE5-9684-6057-30AA-A740A7711E6D}"
EndProject
Project("{FAE04EC0-301F-11D3-BF4B-00C04F79EFBC}") = "Unity.2D.Common.Runtime", "Unity.2D.Common.Runtime.csproj", "{88E3F55D-41CE-03E4-F10C-53042D3D6195}"
EndProject
Project("{FAE04EC0-301F-11D3-BF4B-00C04F79EFBC}") = "Unity.2D.PixelPerfect", "Unity.2D.PixelPerfect.csproj", "{403C6447-4992-5F2F-3268-EA5677F87FD4}"
EndProject
Project("{FAE04EC0-301F-11D3-BF4B-00C04F79EFBC}") = "Unity.Rendering.LightTransport.Editor", "Unity.Rendering.LightTransport.Editor.csproj", "{02400122-8632-479B-2457-6801AF6C7F0E}"
EndProject
Project("{FAE04EC0-301F-11D3-BF4B-00C04F79EFBC}") = "Unity.InputSystem.DocCodeSamples", "Unity.InputSystem.DocCodeSamples.csproj", "{259B1D2C-C1B9-E2EC-F0E2-ADFDE5292F3A}"
EndProject
Project("{FAE04EC0-301F-11D3-BF4B-00C04F79EFBC}") = "Unity.RenderPipelines.Universal.Shaders", "Unity.RenderPipelines.Universal.Shaders.csproj", "{B3417D4B-FD16-4FD0-FDCF-6D85B7F21A4A}"
EndProject
Project("{FAE04EC0-301F-11D3-BF4B-00C04F79EFBC}") = "Unity.RenderPipelines.Core.Runtime.Shared", "Unity.RenderPipelines.Core.Runtime.Shared.csproj", "{30ABEDAC-5129-110B-1CDE-A24A5524994B}"
EndProject
Project("{FAE04EC0-301F-11D3-BF4B-00C04F79EFBC}") = "ScriptablePacker", "ScriptablePacker.csproj", "{8AEFEE3B-9AF8-4591-0C2F-4BC790C14A55}"
EndProject
Project("{FAE04EC0-301F-11D3-BF4B-00C04F79EFBC}") = "Assembly-CSharp-Editor", "Assembly-CSharp-Editor.csproj", "{73047DC0-01CA-00C4-3494-5AFA3BC370DA}"
EndProject
Project("{FAE04EC0-301F-11D3-BF4B-00C04F79EFBC}") = "Unity.PlasticSCM.Editor.Entities", "Unity.PlasticSCM.Editor.Entities.csproj", "{E3461E48-3B18-B391-650E-3312F71244E7}"
EndProject
Project("{FAE04EC0-301F-11D3-BF4B-00C04F79EFBC}") = "Unity.Collections.Editor", "Unity.Collections.Editor.csproj", "{E467523C-BEE5-924F-AC25-3BEFD9BD154F}"
EndProject
Project("{FAE04EC0-301F-11D3-BF4B-00C04F79EFBC}") = "Unity.RenderPipelines.Universal.Config.Runtime", "Unity.RenderPipelines.Universal.Config.Runtime.csproj", "{3C9556F6-E8AE-6F2B-C4CE-2FF21200CEB2}"
EndProject
Project("{FAE04EC0-301F-11D3-BF4B-00C04F79EFBC}") = "Unity.RenderPipelines.ShaderGraph.ShaderGraphLibrary", "Unity.RenderPipelines.ShaderGraph.ShaderGraphLibrary.csproj", "{A9074548-8023-9F54-5676-C2CD59F926B4}"
EndProject
Project("{FAE04EC0-301F-11D3-BF4B-00C04F79EFBC}") = "Unity.RenderPipelines.Core.ShaderLibrary", "Unity.RenderPipelines.Core.ShaderLibrary.csproj", "{7C045D80-0C9B-2D52-32B6-C7E111E017C0}"
EndProject
Project("{FAE04EC0-301F-11D3-BF4B-00C04F79EFBC}") = "Unity.RenderPipelines.Core.Editor.Shared", "Unity.RenderPipelines.Core.Editor.Shared.csproj", "{4A11EAEA-576A-132A-819B-9E7AFC0833A5}"
EndProject
Global
	GlobalSection(SolutionConfigurationPlatforms) = preSolution
		Debug|Any CPU = Debug|Any CPU
		Release|Any CPU = Release|Any CPU
	EndGlobalSection
	GlobalSection(ProjectConfigurationPlatforms) = postSolution
		{F1526873-CAA7-D05E-E1B4-A00CF9A53A8B}.Debug|Any CPU.ActiveCfg = Debug|Any CPU
		{F1526873-CAA7-D05E-E1B4-A00CF9A53A8B}.Debug|Any CPU.Build.0 = Debug|Any CPU
		{F1526873-CAA7-D05E-E1B4-A00CF9A53A8B}.Release|Any CPU.ActiveCfg = Release|Any CPU
		{F1526873-CAA7-D05E-E1B4-A00CF9A53A8B}.Release|Any CPU.Build.0 = Release|Any CPU
		{CABAADDB-898D-3473-7D36-08D3CDF46A06}.Debug|Any CPU.ActiveCfg = Debug|Any CPU
		{CABAADDB-898D-3473-7D36-08D3CDF46A06}.Debug|Any CPU.Build.0 = Debug|Any CPU
		{CABAADDB-898D-3473-7D36-08D3CDF46A06}.Release|Any CPU.ActiveCfg = Release|Any CPU
		{CABAADDB-898D-3473-7D36-08D3CDF46A06}.Release|Any CPU.Build.0 = Release|Any CPU
		{6A1C3ADA-28BA-1817-49A4-C4073EEE3F05}.Debug|Any CPU.ActiveCfg = Debug|Any CPU
		{6A1C3ADA-28BA-1817-49A4-C4073EEE3F05}.Debug|Any CPU.Build.0 = Debug|Any CPU
		{6A1C3ADA-28BA-1817-49A4-C4073EEE3F05}.Release|Any CPU.ActiveCfg = Release|Any CPU
		{6A1C3ADA-28BA-1817-49A4-C4073EEE3F05}.Release|Any CPU.Build.0 = Release|Any CPU
		{35314F0B-42F7-94C9-8ABA-556328F81F56}.Debug|Any CPU.ActiveCfg = Debug|Any CPU
		{35314F0B-42F7-94C9-8ABA-556328F81F56}.Debug|Any CPU.Build.0 = Debug|Any CPU
		{35314F0B-42F7-94C9-8ABA-556328F81F56}.Release|Any CPU.ActiveCfg = Release|Any CPU
		{35314F0B-42F7-94C9-8ABA-556328F81F56}.Release|Any CPU.Build.0 = Release|Any CPU
		{5F4E3A17-FDA8-5E2A-65CF-8053D33DE403}.Debug|Any CPU.ActiveCfg = Debug|Any CPU
		{5F4E3A17-FDA8-5E2A-65CF-8053D33DE403}.Debug|Any CPU.Build.0 = Debug|Any CPU
		{5F4E3A17-FDA8-5E2A-65CF-8053D33DE403}.Release|Any CPU.ActiveCfg = Release|Any CPU
		{5F4E3A17-FDA8-5E2A-65CF-8053D33DE403}.Release|Any CPU.Build.0 = Release|Any CPU
		{C30040F0-2336-98D2-B6F1-0824105334A8}.Debug|Any CPU.ActiveCfg = Debug|Any CPU
		{C30040F0-2336-98D2-B6F1-0824105334A8}.Debug|Any CPU.Build.0 = Debug|Any CPU
		{C30040F0-2336-98D2-B6F1-0824105334A8}.Release|Any CPU.ActiveCfg = Release|Any CPU
		{C30040F0-2336-98D2-B6F1-0824105334A8}.Release|Any CPU.Build.0 = Release|Any CPU
		{CE03B99E-BC13-00D0-5033-403CE03FEE30}.Debug|Any CPU.ActiveCfg = Debug|Any CPU
		{CE03B99E-BC13-00D0-5033-403CE03FEE30}.Debug|Any CPU.Build.0 = Debug|Any CPU
		{CE03B99E-BC13-00D0-5033-403CE03FEE30}.Release|Any CPU.ActiveCfg = Release|Any CPU
		{CE03B99E-BC13-00D0-5033-403CE03FEE30}.Release|Any CPU.Build.0 = Release|Any CPU
		{26BF6DCA-7E16-A888-7E3A-1209D2977379}.Debug|Any CPU.ActiveCfg = Debug|Any CPU
		{26BF6DCA-7E16-A888-7E3A-1209D2977379}.Debug|Any CPU.Build.0 = Debug|Any CPU
		{26BF6DCA-7E16-A888-7E3A-1209D2977379}.Release|Any CPU.ActiveCfg = Release|Any CPU
		{26BF6DCA-7E16-A888-7E3A-1209D2977379}.Release|Any CPU.Build.0 = Release|Any CPU
		{2330F61E-2D49-8CC0-3F14-0737464750B4}.Debug|Any CPU.ActiveCfg = Debug|Any CPU
		{2330F61E-2D49-8CC0-3F14-0737464750B4}.Debug|Any CPU.Build.0 = Debug|Any CPU
		{2330F61E-2D49-8CC0-3F14-0737464750B4}.Release|Any CPU.ActiveCfg = Release|Any CPU
		{2330F61E-2D49-8CC0-3F14-0737464750B4}.Release|Any CPU.Build.0 = Release|Any CPU
		{D581B69E-9D0C-E3CF-E234-EA07FC053446}.Debug|Any CPU.ActiveCfg = Debug|Any CPU
		{D581B69E-9D0C-E3CF-E234-EA07FC053446}.Debug|Any CPU.Build.0 = Debug|Any CPU
		{D581B69E-9D0C-E3CF-E234-EA07FC053446}.Release|Any CPU.ActiveCfg = Release|Any CPU
		{D581B69E-9D0C-E3CF-E234-EA07FC053446}.Release|Any CPU.Build.0 = Release|Any CPU
		{F4495197-3381-F1C4-3ED0-DFE6883E8253}.Debug|Any CPU.ActiveCfg = Debug|Any CPU
		{F4495197-3381-F1C4-3ED0-DFE6883E8253}.Debug|Any CPU.Build.0 = Debug|Any CPU
		{F4495197-3381-F1C4-3ED0-DFE6883E8253}.Release|Any CPU.ActiveCfg = Release|Any CPU
		{F4495197-3381-F1C4-3ED0-DFE6883E8253}.Release|Any CPU.Build.0 = Release|Any CPU
		{3AFFF36D-BFF8-5125-2A8B-302DF3FC56AA}.Debug|Any CPU.ActiveCfg = Debug|Any CPU
		{3AFFF36D-BFF8-5125-2A8B-302DF3FC56AA}.Debug|Any CPU.Build.0 = Debug|Any CPU
		{3AFFF36D-BFF8-5125-2A8B-302DF3FC56AA}.Release|Any CPU.ActiveCfg = Release|Any CPU
		{3AFFF36D-BFF8-5125-2A8B-302DF3FC56AA}.Release|Any CPU.Build.0 = Release|Any CPU
		{47980DB3-4430-5857-1454-440ECC74A987}.Debug|Any CPU.ActiveCfg = Debug|Any CPU
		{47980DB3-4430-5857-1454-440ECC74A987}.Debug|Any CPU.Build.0 = Debug|Any CPU
		{47980DB3-4430-5857-1454-440ECC74A987}.Release|Any CPU.ActiveCfg = Release|Any CPU
		{47980DB3-4430-5857-1454-440ECC74A987}.Release|Any CPU.Build.0 = Release|Any CPU
		{870D2FFC-7A3C-C442-D0C0-EA675303B957}.Debug|Any CPU.ActiveCfg = Debug|Any CPU
		{870D2FFC-7A3C-C442-D0C0-EA675303B957}.Debug|Any CPU.Build.0 = Debug|Any CPU
		{870D2FFC-7A3C-C442-D0C0-EA675303B957}.Release|Any CPU.ActiveCfg = Release|Any CPU
		{870D2FFC-7A3C-C442-D0C0-EA675303B957}.Release|Any CPU.Build.0 = Release|Any CPU
		{4F9027E4-B292-7746-7722-E72FD06F30BD}.Debug|Any CPU.ActiveCfg = Debug|Any CPU
		{4F9027E4-B292-7746-7722-E72FD06F30BD}.Debug|Any CPU.Build.0 = Debug|Any CPU
		{4F9027E4-B292-7746-7722-E72FD06F30BD}.Release|Any CPU.ActiveCfg = Release|Any CPU
		{4F9027E4-B292-7746-7722-E72FD06F30BD}.Release|Any CPU.Build.0 = Release|Any CPU
		{00ACD6CB-B4AC-A174-116F-A7D70CC4E4FB}.Debug|Any CPU.ActiveCfg = Debug|Any CPU
		{00ACD6CB-B4AC-A174-116F-A7D70CC4E4FB}.Debug|Any CPU.Build.0 = Debug|Any CPU
		{00ACD6CB-B4AC-A174-116F-A7D70CC4E4FB}.Release|Any CPU.ActiveCfg = Release|Any CPU
		{00ACD6CB-B4AC-A174-116F-A7D70CC4E4FB}.Release|Any CPU.Build.0 = Release|Any CPU
		{005A8F63-CCC5-31D7-19FA-876D6A27D980}.Debug|Any CPU.ActiveCfg = Debug|Any CPU
		{005A8F63-CCC5-31D7-19FA-876D6A27D980}.Debug|Any CPU.Build.0 = Debug|Any CPU
		{005A8F63-CCC5-31D7-19FA-876D6A27D980}.Release|Any CPU.ActiveCfg = Release|Any CPU
		{005A8F63-CCC5-31D7-19FA-876D6A27D980}.Release|Any CPU.Build.0 = Release|Any CPU
		{FB334126-BE87-7F74-8852-73F047FBFA4F}.Debug|Any CPU.ActiveCfg = Debug|Any CPU
		{FB334126-BE87-7F74-8852-73F047FBFA4F}.Debug|Any CPU.Build.0 = Debug|Any CPU
		{FB334126-BE87-7F74-8852-73F047FBFA4F}.Release|Any CPU.ActiveCfg = Release|Any CPU
		{FB334126-BE87-7F74-8852-73F047FBFA4F}.Release|Any CPU.Build.0 = Release|Any CPU
		{14DEB9E9-C29A-F633-3ECD-24CF5862421C}.Debug|Any CPU.ActiveCfg = Debug|Any CPU
		{14DEB9E9-C29A-F633-3ECD-24CF5862421C}.Debug|Any CPU.Build.0 = Debug|Any CPU
		{14DEB9E9-C29A-F633-3ECD-24CF5862421C}.Release|Any CPU.ActiveCfg = Release|Any CPU
		{14DEB9E9-C29A-F633-3ECD-24CF5862421C}.Release|Any CPU.Build.0 = Release|Any CPU
		{B5E04DDC-299C-FE27-AA97-1FF073E6F132}.Debug|Any CPU.ActiveCfg = Debug|Any CPU
		{B5E04DDC-299C-FE27-AA97-1FF073E6F132}.Debug|Any CPU.Build.0 = Debug|Any CPU
		{B5E04DDC-299C-FE27-AA97-1FF073E6F132}.Release|Any CPU.ActiveCfg = Release|Any CPU
		{B5E04DDC-299C-FE27-AA97-1FF073E6F132}.Release|Any CPU.Build.0 = Release|Any CPU
		{8872FB98-8B9F-62AF-FF55-560CC4DE6452}.Debug|Any CPU.ActiveCfg = Debug|Any CPU
		{8872FB98-8B9F-62AF-FF55-560CC4DE6452}.Debug|Any CPU.Build.0 = Debug|Any CPU
		{8872FB98-8B9F-62AF-FF55-560CC4DE6452}.Release|Any CPU.ActiveCfg = Release|Any CPU
		{8872FB98-8B9F-62AF-FF55-560CC4DE6452}.Release|Any CPU.Build.0 = Release|Any CPU
		{95C9A7AB-DFCB-B2C3-6F77-210A86DBB2F1}.Debug|Any CPU.ActiveCfg = Debug|Any CPU
		{95C9A7AB-DFCB-B2C3-6F77-210A86DBB2F1}.Debug|Any CPU.Build.0 = Debug|Any CPU
		{95C9A7AB-DFCB-B2C3-6F77-210A86DBB2F1}.Release|Any CPU.ActiveCfg = Release|Any CPU
		{95C9A7AB-DFCB-B2C3-6F77-210A86DBB2F1}.Release|Any CPU.Build.0 = Release|Any CPU
		{3391B1CE-9E98-1C32-F6B5-0AB29713D44B}.Debug|Any CPU.ActiveCfg = Debug|Any CPU
		{3391B1CE-9E98-1C32-F6B5-0AB29713D44B}.Debug|Any CPU.Build.0 = Debug|Any CPU
		{3391B1CE-9E98-1C32-F6B5-0AB29713D44B}.Release|Any CPU.ActiveCfg = Release|Any CPU
		{3391B1CE-9E98-1C32-F6B5-0AB29713D44B}.Release|Any CPU.Build.0 = Release|Any CPU
		{49B3CDB5-558B-00BB-DB5B-8C4F6CE2924E}.Debug|Any CPU.ActiveCfg = Debug|Any CPU
		{49B3CDB5-558B-00BB-DB5B-8C4F6CE2924E}.Debug|Any CPU.Build.0 = Debug|Any CPU
		{49B3CDB5-558B-00BB-DB5B-8C4F6CE2924E}.Release|Any CPU.ActiveCfg = Release|Any CPU
		{49B3CDB5-558B-00BB-DB5B-8C4F6CE2924E}.Release|Any CPU.Build.0 = Release|Any CPU
		{C602F280-2269-0B4E-77B9-E8D00A96A498}.Debug|Any CPU.ActiveCfg = Debug|Any CPU
		{C602F280-2269-0B4E-77B9-E8D00A96A498}.Debug|Any CPU.Build.0 = Debug|Any CPU
		{C602F280-2269-0B4E-77B9-E8D00A96A498}.Release|Any CPU.ActiveCfg = Release|Any CPU
		{C602F280-2269-0B4E-77B9-E8D00A96A498}.Release|Any CPU.Build.0 = Release|Any CPU
		{3B0C56D4-5555-1C0D-026F-0A0E9D6BFF38}.Debug|Any CPU.ActiveCfg = Debug|Any CPU
		{3B0C56D4-5555-1C0D-026F-0A0E9D6BFF38}.Debug|Any CPU.Build.0 = Debug|Any CPU
		{3B0C56D4-5555-1C0D-026F-0A0E9D6BFF38}.Release|Any CPU.ActiveCfg = Release|Any CPU
		{3B0C56D4-5555-1C0D-026F-0A0E9D6BFF38}.Release|Any CPU.Build.0 = Release|Any CPU
		{4A93E540-2C48-546F-DB8A-2848A4581135}.Debug|Any CPU.ActiveCfg = Debug|Any CPU
		{4A93E540-2C48-546F-DB8A-2848A4581135}.Debug|Any CPU.Build.0 = Debug|Any CPU
		{4A93E540-2C48-546F-DB8A-2848A4581135}.Release|Any CPU.ActiveCfg = Release|Any CPU
		{4A93E540-2C48-546F-DB8A-2848A4581135}.Release|Any CPU.Build.0 = Release|Any CPU
		{921BF2B2-782A-6535-C0A6-808398648031}.Debug|Any CPU.ActiveCfg = Debug|Any CPU
		{921BF2B2-782A-6535-C0A6-808398648031}.Debug|Any CPU.Build.0 = Debug|Any CPU
		{921BF2B2-782A-6535-C0A6-808398648031}.Release|Any CPU.ActiveCfg = Release|Any CPU
		{921BF2B2-782A-6535-C0A6-808398648031}.Release|Any CPU.Build.0 = Release|Any CPU
		{633701F5-8831-A683-05B8-3A75310F70B2}.Debug|Any CPU.ActiveCfg = Debug|Any CPU
		{633701F5-8831-A683-05B8-3A75310F70B2}.Debug|Any CPU.Build.0 = Debug|Any CPU
		{633701F5-8831-A683-05B8-3A75310F70B2}.Release|Any CPU.ActiveCfg = Release|Any CPU
		{633701F5-8831-A683-05B8-3A75310F70B2}.Release|Any CPU.Build.0 = Release|Any CPU
		{BAC55371-E9FC-7C7D-71BA-A42812EF6872}.Debug|Any CPU.ActiveCfg = Debug|Any CPU
		{BAC55371-E9FC-7C7D-71BA-A42812EF6872}.Debug|Any CPU.Build.0 = Debug|Any CPU
		{BAC55371-E9FC-7C7D-71BA-A42812EF6872}.Release|Any CPU.ActiveCfg = Release|Any CPU
		{BAC55371-E9FC-7C7D-71BA-A42812EF6872}.Release|Any CPU.Build.0 = Release|Any CPU
		{32731490-D622-5DA4-BE0F-59906EE3EF21}.Debug|Any CPU.ActiveCfg = Debug|Any CPU
		{32731490-D622-5DA4-BE0F-59906EE3EF21}.Debug|Any CPU.Build.0 = Debug|Any CPU
		{32731490-D622-5DA4-BE0F-59906EE3EF21}.Release|Any CPU.ActiveCfg = Release|Any CPU
		{32731490-D622-5DA4-BE0F-59906EE3EF21}.Release|Any CPU.Build.0 = Release|Any CPU
		{697E860E-CE90-D36F-6835-D39AE3C50EEF}.Debug|Any CPU.ActiveCfg = Debug|Any CPU
		{697E860E-CE90-D36F-6835-D39AE3C50EEF}.Debug|Any CPU.Build.0 = Debug|Any CPU
		{697E860E-CE90-D36F-6835-D39AE3C50EEF}.Release|Any CPU.ActiveCfg = Release|Any CPU
		{697E860E-CE90-D36F-6835-D39AE3C50EEF}.Release|Any CPU.Build.0 = Release|Any CPU
		{819EC35A-CDE5-F4E5-7FA8-73FFFF831841}.Debug|Any CPU.ActiveCfg = Debug|Any CPU
		{819EC35A-CDE5-F4E5-7FA8-73FFFF831841}.Debug|Any CPU.Build.0 = Debug|Any CPU
		{819EC35A-CDE5-F4E5-7FA8-73FFFF831841}.Release|Any CPU.ActiveCfg = Release|Any CPU
		{819EC35A-CDE5-F4E5-7FA8-73FFFF831841}.Release|Any CPU.Build.0 = Release|Any CPU
		{F1CB0A2E-0AA7-1ED6-6787-10A8F0E5B66E}.Debug|Any CPU.ActiveCfg = Debug|Any CPU
		{F1CB0A2E-0AA7-1ED6-6787-10A8F0E5B66E}.Debug|Any CPU.Build.0 = Debug|Any CPU
		{F1CB0A2E-0AA7-1ED6-6787-10A8F0E5B66E}.Release|Any CPU.ActiveCfg = Release|Any CPU
		{F1CB0A2E-0AA7-1ED6-6787-10A8F0E5B66E}.Release|Any CPU.Build.0 = Release|Any CPU
		{0A778D7D-6971-31E2-0195-707C38C0DEFC}.Debug|Any CPU.ActiveCfg = Debug|Any CPU
		{0A778D7D-6971-31E2-0195-707C38C0DEFC}.Debug|Any CPU.Build.0 = Debug|Any CPU
		{0A778D7D-6971-31E2-0195-707C38C0DEFC}.Release|Any CPU.ActiveCfg = Release|Any CPU
		{0A778D7D-6971-31E2-0195-707C38C0DEFC}.Release|Any CPU.Build.0 = Release|Any CPU
		{A8190FBD-B812-CB58-0069-CDC6042B470B}.Debug|Any CPU.ActiveCfg = Debug|Any CPU
		{A8190FBD-B812-CB58-0069-CDC6042B470B}.Debug|Any CPU.Build.0 = Debug|Any CPU
		{A8190FBD-B812-CB58-0069-CDC6042B470B}.Release|Any CPU.ActiveCfg = Release|Any CPU
		{A8190FBD-B812-CB58-0069-CDC6042B470B}.Release|Any CPU.Build.0 = Release|Any CPU
		{28AC5978-2D36-0E70-A449-4BFCF16F8634}.Debug|Any CPU.ActiveCfg = Debug|Any CPU
		{28AC5978-2D36-0E70-A449-4BFCF16F8634}.Debug|Any CPU.Build.0 = Debug|Any CPU
		{28AC5978-2D36-0E70-A449-4BFCF16F8634}.Release|Any CPU.ActiveCfg = Release|Any CPU
		{28AC5978-2D36-0E70-A449-4BFCF16F8634}.Release|Any CPU.Build.0 = Release|Any CPU
		{B904159E-A34F-4D40-AAF6-8E293FA2CF82}.Debug|Any CPU.ActiveCfg = Debug|Any CPU
		{B904159E-A34F-4D40-AAF6-8E293FA2CF82}.Debug|Any CPU.Build.0 = Debug|Any CPU
		{B904159E-A34F-4D40-AAF6-8E293FA2CF82}.Release|Any CPU.ActiveCfg = Release|Any CPU
		{B904159E-A34F-4D40-AAF6-8E293FA2CF82}.Release|Any CPU.Build.0 = Release|Any CPU
		{B83FD41E-C5E2-30C0-5231-02AB1B37A3A4}.Debug|Any CPU.ActiveCfg = Debug|Any CPU
		{B83FD41E-C5E2-30C0-5231-02AB1B37A3A4}.Debug|Any CPU.Build.0 = Debug|Any CPU
		{B83FD41E-C5E2-30C0-5231-02AB1B37A3A4}.Release|Any CPU.ActiveCfg = Release|Any CPU
		{B83FD41E-C5E2-30C0-5231-02AB1B37A3A4}.Release|Any CPU.Build.0 = Release|Any CPU
		{B2886E91-B09F-4549-50F5-941CC38AE8CE}.Debug|Any CPU.ActiveCfg = Debug|Any CPU
		{B2886E91-B09F-4549-50F5-941CC38AE8CE}.Debug|Any CPU.Build.0 = Debug|Any CPU
		{B2886E91-B09F-4549-50F5-941CC38AE8CE}.Release|Any CPU.ActiveCfg = Release|Any CPU
		{B2886E91-B09F-4549-50F5-941CC38AE8CE}.Release|Any CPU.Build.0 = Release|Any CPU
		{88532BE1-BC97-F200-43AD-AE0BC3F50C0F}.Debug|Any CPU.ActiveCfg = Debug|Any CPU
		{88532BE1-BC97-F200-43AD-AE0BC3F50C0F}.Debug|Any CPU.Build.0 = Debug|Any CPU
		{88532BE1-BC97-F200-43AD-AE0BC3F50C0F}.Release|Any CPU.ActiveCfg = Release|Any CPU
		{88532BE1-BC97-F200-43AD-AE0BC3F50C0F}.Release|Any CPU.Build.0 = Release|Any CPU
		{3B34077F-CCCA-A982-77A7-47631ED61BEB}.Debug|Any CPU.ActiveCfg = Debug|Any CPU
		{3B34077F-CCCA-A982-77A7-47631ED61BEB}.Debug|Any CPU.Build.0 = Debug|Any CPU
		{3B34077F-CCCA-A982-77A7-47631ED61BEB}.Release|Any CPU.ActiveCfg = Release|Any CPU
		{3B34077F-CCCA-A982-77A7-47631ED61BEB}.Release|Any CPU.Build.0 = Release|Any CPU
		{2647424D-3315-5DA4-65C0-83A0B6AFD984}.Debug|Any CPU.ActiveCfg = Debug|Any CPU
		{2647424D-3315-5DA4-65C0-83A0B6AFD984}.Debug|Any CPU.Build.0 = Debug|Any CPU
		{2647424D-3315-5DA4-65C0-83A0B6AFD984}.Release|Any CPU.ActiveCfg = Release|Any CPU
		{2647424D-3315-5DA4-65C0-83A0B6AFD984}.Release|Any CPU.Build.0 = Release|Any CPU
		{A4E8EC94-79BB-E679-5611-6225444FBF47}.Debug|Any CPU.ActiveCfg = Debug|Any CPU
		{A4E8EC94-79BB-E679-5611-6225444FBF47}.Debug|Any CPU.Build.0 = Debug|Any CPU
		{A4E8EC94-79BB-E679-5611-6225444FBF47}.Release|Any CPU.ActiveCfg = Release|Any CPU
		{A4E8EC94-79BB-E679-5611-6225444FBF47}.Release|Any CPU.Build.0 = Release|Any CPU
		{AEC1382F-649F-C3BD-4A8D-B7DB42374222}.Debug|Any CPU.ActiveCfg = Debug|Any CPU
		{AEC1382F-649F-C3BD-4A8D-B7DB42374222}.Debug|Any CPU.Build.0 = Debug|Any CPU
		{AEC1382F-649F-C3BD-4A8D-B7DB42374222}.Release|Any CPU.ActiveCfg = Release|Any CPU
		{AEC1382F-649F-C3BD-4A8D-B7DB42374222}.Release|Any CPU.Build.0 = Release|Any CPU
		{D86E840E-A4B1-5701-38A5-6C71E02EAAA2}.Debug|Any CPU.ActiveCfg = Debug|Any CPU
		{D86E840E-A4B1-5701-38A5-6C71E02EAAA2}.Debug|Any CPU.Build.0 = Debug|Any CPU
		{D86E840E-A4B1-5701-38A5-6C71E02EAAA2}.Release|Any CPU.ActiveCfg = Release|Any CPU
		{D86E840E-A4B1-5701-38A5-6C71E02EAAA2}.Release|Any CPU.Build.0 = Release|Any CPU
		{DCA5B485-6E27-63F2-C75F-0BEF80EC6021}.Debug|Any CPU.ActiveCfg = Debug|Any CPU
		{DCA5B485-6E27-63F2-C75F-0BEF80EC6021}.Debug|Any CPU.Build.0 = Debug|Any CPU
		{DCA5B485-6E27-63F2-C75F-0BEF80EC6021}.Release|Any CPU.ActiveCfg = Release|Any CPU
		{DCA5B485-6E27-63F2-C75F-0BEF80EC6021}.Release|Any CPU.Build.0 = Release|Any CPU
		{D799A55F-C47E-4FE0-72FF-C41D1D37AB44}.Debug|Any CPU.ActiveCfg = Debug|Any CPU
		{D799A55F-C47E-4FE0-72FF-C41D1D37AB44}.Debug|Any CPU.Build.0 = Debug|Any CPU
		{D799A55F-C47E-4FE0-72FF-C41D1D37AB44}.Release|Any CPU.ActiveCfg = Release|Any CPU
		{D799A55F-C47E-4FE0-72FF-C41D1D37AB44}.Release|Any CPU.Build.0 = Release|Any CPU
		{091EAE4C-1A60-9F23-38E4-730048DDFA49}.Debug|Any CPU.ActiveCfg = Debug|Any CPU
		{091EAE4C-1A60-9F23-38E4-730048DDFA49}.Debug|Any CPU.Build.0 = Debug|Any CPU
		{091EAE4C-1A60-9F23-38E4-730048DDFA49}.Release|Any CPU.ActiveCfg = Release|Any CPU
		{091EAE4C-1A60-9F23-38E4-730048DDFA49}.Release|Any CPU.Build.0 = Release|Any CPU
		{945BDBE7-A3BB-DE31-7741-3AD962849045}.Debug|Any CPU.ActiveCfg = Debug|Any CPU
		{945BDBE7-A3BB-DE31-7741-3AD962849045}.Debug|Any CPU.Build.0 = Debug|Any CPU
		{945BDBE7-A3BB-DE31-7741-3AD962849045}.Release|Any CPU.ActiveCfg = Release|Any CPU
		{945BDBE7-A3BB-DE31-7741-3AD962849045}.Release|Any CPU.Build.0 = Release|Any CPU
		{E78414BB-C0DA-47A8-F303-EB6E05DB9750}.Debug|Any CPU.ActiveCfg = Debug|Any CPU
		{E78414BB-C0DA-47A8-F303-EB6E05DB9750}.Debug|Any CPU.Build.0 = Debug|Any CPU
		{E78414BB-C0DA-47A8-F303-EB6E05DB9750}.Release|Any CPU.ActiveCfg = Release|Any CPU
		{E78414BB-C0DA-47A8-F303-EB6E05DB9750}.Release|Any CPU.Build.0 = Release|Any CPU
		{2F3F2C93-8EAB-30E3-08A1-AF0CDE08F0AF}.Debug|Any CPU.ActiveCfg = Debug|Any CPU
		{2F3F2C93-8EAB-30E3-08A1-AF0CDE08F0AF}.Debug|Any CPU.Build.0 = Debug|Any CPU
		{2F3F2C93-8EAB-30E3-08A1-AF0CDE08F0AF}.Release|Any CPU.ActiveCfg = Release|Any CPU
		{2F3F2C93-8EAB-30E3-08A1-AF0CDE08F0AF}.Release|Any CPU.Build.0 = Release|Any CPU
		{02DE8B3C-9497-CEB8-1E6E-BFE8E3E7DF9B}.Debug|Any CPU.ActiveCfg = Debug|Any CPU
		{02DE8B3C-9497-CEB8-1E6E-BFE8E3E7DF9B}.Debug|Any CPU.Build.0 = Debug|Any CPU
		{02DE8B3C-9497-CEB8-1E6E-BFE8E3E7DF9B}.Release|Any CPU.ActiveCfg = Release|Any CPU
		{02DE8B3C-9497-CEB8-1E6E-BFE8E3E7DF9B}.Release|Any CPU.Build.0 = Release|Any CPU
		{D64F2DA9-9618-9A71-5D51-F288DB85F789}.Debug|Any CPU.ActiveCfg = Debug|Any CPU
		{D64F2DA9-9618-9A71-5D51-F288DB85F789}.Debug|Any CPU.Build.0 = Debug|Any CPU
		{D64F2DA9-9618-9A71-5D51-F288DB85F789}.Release|Any CPU.ActiveCfg = Release|Any CPU
		{D64F2DA9-9618-9A71-5D51-F288DB85F789}.Release|Any CPU.Build.0 = Release|Any CPU
		{854BA5FA-EA23-0AEF-F172-A59D93BFCC85}.Debug|Any CPU.ActiveCfg = Debug|Any CPU
		{854BA5FA-EA23-0AEF-F172-A59D93BFCC85}.Debug|Any CPU.Build.0 = Debug|Any CPU
		{854BA5FA-EA23-0AEF-F172-A59D93BFCC85}.Release|Any CPU.ActiveCfg = Release|Any CPU
		{854BA5FA-EA23-0AEF-F172-A59D93BFCC85}.Release|Any CPU.Build.0 = Release|Any CPU
		{99A8E74B-974D-2D4B-1316-CF07E7144BBD}.Debug|Any CPU.ActiveCfg = Debug|Any CPU
		{99A8E74B-974D-2D4B-1316-CF07E7144BBD}.Debug|Any CPU.Build.0 = Debug|Any CPU
		{99A8E74B-974D-2D4B-1316-CF07E7144BBD}.Release|Any CPU.ActiveCfg = Release|Any CPU
		{99A8E74B-974D-2D4B-1316-CF07E7144BBD}.Release|Any CPU.Build.0 = Release|Any CPU
		{FB568719-7BF7-A768-F5C6-BCB8FE2AB494}.Debug|Any CPU.ActiveCfg = Debug|Any CPU
		{FB568719-7BF7-A768-F5C6-BCB8FE2AB494}.Debug|Any CPU.Build.0 = Debug|Any CPU
		{FB568719-7BF7-A768-F5C6-BCB8FE2AB494}.Release|Any CPU.ActiveCfg = Release|Any CPU
		{FB568719-7BF7-A768-F5C6-BCB8FE2AB494}.Release|Any CPU.Build.0 = Release|Any CPU
		{4B49BCCA-64C8-CA93-237B-4ECD75954944}.Debug|Any CPU.ActiveCfg = Debug|Any CPU
		{4B49BCCA-64C8-CA93-237B-4ECD75954944}.Debug|Any CPU.Build.0 = Debug|Any CPU
		{4B49BCCA-64C8-CA93-237B-4ECD75954944}.Release|Any CPU.ActiveCfg = Release|Any CPU
		{4B49BCCA-64C8-CA93-237B-4ECD75954944}.Release|Any CPU.Build.0 = Release|Any CPU
		{ED1B29F3-D589-E853-021A-C430FC8EBBFC}.Debug|Any CPU.ActiveCfg = Debug|Any CPU
		{ED1B29F3-D589-E853-021A-C430FC8EBBFC}.Debug|Any CPU.Build.0 = Debug|Any CPU
		{ED1B29F3-D589-E853-021A-C430FC8EBBFC}.Release|Any CPU.ActiveCfg = Release|Any CPU
		{ED1B29F3-D589-E853-021A-C430FC8EBBFC}.Release|Any CPU.Build.0 = Release|Any CPU
		{39865477-B583-F8D2-F8CF-B38D12F56D1E}.Debug|Any CPU.ActiveCfg = Debug|Any CPU
		{39865477-B583-F8D2-F8CF-B38D12F56D1E}.Debug|Any CPU.Build.0 = Debug|Any CPU
		{39865477-B583-F8D2-F8CF-B38D12F56D1E}.Release|Any CPU.ActiveCfg = Release|Any CPU
		{39865477-B583-F8D2-F8CF-B38D12F56D1E}.Release|Any CPU.Build.0 = Release|Any CPU
		{0DAE40C4-EC2D-0AAC-D2F7-D9DBBD1B3F17}.Debug|Any CPU.ActiveCfg = Debug|Any CPU
		{0DAE40C4-EC2D-0AAC-D2F7-D9DBBD1B3F17}.Debug|Any CPU.Build.0 = Debug|Any CPU
		{0DAE40C4-EC2D-0AAC-D2F7-D9DBBD1B3F17}.Release|Any CPU.ActiveCfg = Release|Any CPU
		{0DAE40C4-EC2D-0AAC-D2F7-D9DBBD1B3F17}.Release|Any CPU.Build.0 = Release|Any CPU
		{2B2344A8-872C-4E93-64EC-ED84D14A1B05}.Debug|Any CPU.ActiveCfg = Debug|Any CPU
		{2B2344A8-872C-4E93-64EC-ED84D14A1B05}.Debug|Any CPU.Build.0 = Debug|Any CPU
		{2B2344A8-872C-4E93-64EC-ED84D14A1B05}.Release|Any CPU.ActiveCfg = Release|Any CPU
		{2B2344A8-872C-4E93-64EC-ED84D14A1B05}.Release|Any CPU.Build.0 = Release|Any CPU
		{F3D0C2AF-17E7-90CB-3449-1D8925B03AA2}.Debug|Any CPU.ActiveCfg = Debug|Any CPU
		{F3D0C2AF-17E7-90CB-3449-1D8925B03AA2}.Debug|Any CPU.Build.0 = Debug|Any CPU
		{F3D0C2AF-17E7-90CB-3449-1D8925B03AA2}.Release|Any CPU.ActiveCfg = Release|Any CPU
		{F3D0C2AF-17E7-90CB-3449-1D8925B03AA2}.Release|Any CPU.Build.0 = Release|Any CPU
		{B25DE418-E2DE-6A0C-F44A-55AEAAF6D34F}.Debug|Any CPU.ActiveCfg = Debug|Any CPU
		{B25DE418-E2DE-6A0C-F44A-55AEAAF6D34F}.Debug|Any CPU.Build.0 = Debug|Any CPU
		{B25DE418-E2DE-6A0C-F44A-55AEAAF6D34F}.Release|Any CPU.ActiveCfg = Release|Any CPU
		{B25DE418-E2DE-6A0C-F44A-55AEAAF6D34F}.Release|Any CPU.Build.0 = Release|Any CPU
		{B0B11568-5799-89CB-8139-FF1A1A96C386}.Debug|Any CPU.ActiveCfg = Debug|Any CPU
		{B0B11568-5799-89CB-8139-FF1A1A96C386}.Debug|Any CPU.Build.0 = Debug|Any CPU
		{B0B11568-5799-89CB-8139-FF1A1A96C386}.Release|Any CPU.ActiveCfg = Release|Any CPU
		{B0B11568-5799-89CB-8139-FF1A1A96C386}.Release|Any CPU.Build.0 = Release|Any CPU
		{B9B2CBE5-9684-6057-30AA-A740A7711E6D}.Debug|Any CPU.ActiveCfg = Debug|Any CPU
		{B9B2CBE5-9684-6057-30AA-A740A7711E6D}.Debug|Any CPU.Build.0 = Debug|Any CPU
		{B9B2CBE5-9684-6057-30AA-A740A7711E6D}.Release|Any CPU.ActiveCfg = Release|Any CPU
		{B9B2CBE5-9684-6057-30AA-A740A7711E6D}.Release|Any CPU.Build.0 = Release|Any CPU
		{88E3F55D-41CE-03E4-F10C-53042D3D6195}.Debug|Any CPU.ActiveCfg = Debug|Any CPU
		{88E3F55D-41CE-03E4-F10C-53042D3D6195}.Debug|Any CPU.Build.0 = Debug|Any CPU
		{88E3F55D-41CE-03E4-F10C-53042D3D6195}.Release|Any CPU.ActiveCfg = Release|Any CPU
		{88E3F55D-41CE-03E4-F10C-53042D3D6195}.Release|Any CPU.Build.0 = Release|Any CPU
		{403C6447-4992-5F2F-3268-EA5677F87FD4}.Debug|Any CPU.ActiveCfg = Debug|Any CPU
		{403C6447-4992-5F2F-3268-EA5677F87FD4}.Debug|Any CPU.Build.0 = Debug|Any CPU
		{403C6447-4992-5F2F-3268-EA5677F87FD4}.Release|Any CPU.ActiveCfg = Release|Any CPU
		{403C6447-4992-5F2F-3268-EA5677F87FD4}.Release|Any CPU.Build.0 = Release|Any CPU
		{02400122-8632-479B-2457-6801AF6C7F0E}.Debug|Any CPU.ActiveCfg = Debug|Any CPU
		{02400122-8632-479B-2457-6801AF6C7F0E}.Debug|Any CPU.Build.0 = Debug|Any CPU
		{02400122-8632-479B-2457-6801AF6C7F0E}.Release|Any CPU.ActiveCfg = Release|Any CPU
		{02400122-8632-479B-2457-6801AF6C7F0E}.Release|Any CPU.Build.0 = Release|Any CPU
		{259B1D2C-C1B9-E2EC-F0E2-ADFDE5292F3A}.Debug|Any CPU.ActiveCfg = Debug|Any CPU
		{259B1D2C-C1B9-E2EC-F0E2-ADFDE5292F3A}.Debug|Any CPU.Build.0 = Debug|Any CPU
		{259B1D2C-C1B9-E2EC-F0E2-ADFDE5292F3A}.Release|Any CPU.ActiveCfg = Release|Any CPU
		{259B1D2C-C1B9-E2EC-F0E2-ADFDE5292F3A}.Release|Any CPU.Build.0 = Release|Any CPU
		{B3417D4B-FD16-4FD0-FDCF-6D85B7F21A4A}.Debug|Any CPU.ActiveCfg = Debug|Any CPU
		{B3417D4B-FD16-4FD0-FDCF-6D85B7F21A4A}.Debug|Any CPU.Build.0 = Debug|Any CPU
		{B3417D4B-FD16-4FD0-FDCF-6D85B7F21A4A}.Release|Any CPU.ActiveCfg = Release|Any CPU
		{B3417D4B-FD16-4FD0-FDCF-6D85B7F21A4A}.Release|Any CPU.Build.0 = Release|Any CPU
		{30ABEDAC-5129-110B-1CDE-A24A5524994B}.Debug|Any CPU.ActiveCfg = Debug|Any CPU
		{30ABEDAC-5129-110B-1CDE-A24A5524994B}.Debug|Any CPU.Build.0 = Debug|Any CPU
		{30ABEDAC-5129-110B-1CDE-A24A5524994B}.Release|Any CPU.ActiveCfg = Release|Any CPU
		{30ABEDAC-5129-110B-1CDE-A24A5524994B}.Release|Any CPU.Build.0 = Release|Any CPU
		{8AEFEE3B-9AF8-4591-0C2F-4BC790C14A55}.Debug|Any CPU.ActiveCfg = Debug|Any CPU
		{8AEFEE3B-9AF8-4591-0C2F-4BC790C14A55}.Debug|Any CPU.Build.0 = Debug|Any CPU
		{8AEFEE3B-9AF8-4591-0C2F-4BC790C14A55}.Release|Any CPU.ActiveCfg = Release|Any CPU
		{8AEFEE3B-9AF8-4591-0C2F-4BC790C14A55}.Release|Any CPU.Build.0 = Release|Any CPU
		{73047DC0-01CA-00C4-3494-5AFA3BC370DA}.Debug|Any CPU.ActiveCfg = Debug|Any CPU
		{73047DC0-01CA-00C4-3494-5AFA3BC370DA}.Debug|Any CPU.Build.0 = Debug|Any CPU
		{73047DC0-01CA-00C4-3494-5AFA3BC370DA}.Release|Any CPU.ActiveCfg = Release|Any CPU
		{73047DC0-01CA-00C4-3494-5AFA3BC370DA}.Release|Any CPU.Build.0 = Release|Any CPU
		{E3461E48-3B18-B391-650E-3312F71244E7}.Debug|Any CPU.ActiveCfg = Debug|Any CPU
		{E3461E48-3B18-B391-650E-3312F71244E7}.Debug|Any CPU.Build.0 = Debug|Any CPU
		{E3461E48-3B18-B391-650E-3312F71244E7}.Release|Any CPU.ActiveCfg = Release|Any CPU
		{E3461E48-3B18-B391-650E-3312F71244E7}.Release|Any CPU.Build.0 = Release|Any CPU
		{E467523C-BEE5-924F-AC25-3BEFD9BD154F}.Debug|Any CPU.ActiveCfg = Debug|Any CPU
		{E467523C-BEE5-924F-AC25-3BEFD9BD154F}.Debug|Any CPU.Build.0 = Debug|Any CPU
		{E467523C-BEE5-924F-AC25-3BEFD9BD154F}.Release|Any CPU.ActiveCfg = Release|Any CPU
		{E467523C-BEE5-924F-AC25-3BEFD9BD154F}.Release|Any CPU.Build.0 = Release|Any CPU
		{3C9556F6-E8AE-6F2B-C4CE-2FF21200CEB2}.Debug|Any CPU.ActiveCfg = Debug|Any CPU
		{3C9556F6-E8AE-6F2B-C4CE-2FF21200CEB2}.Debug|Any CPU.Build.0 = Debug|Any CPU
		{3C9556F6-E8AE-6F2B-C4CE-2FF21200CEB2}.Release|Any CPU.ActiveCfg = Release|Any CPU
		{3C9556F6-E8AE-6F2B-C4CE-2FF21200CEB2}.Release|Any CPU.Build.0 = Release|Any CPU
		{A9074548-8023-9F54-5676-C2CD59F926B4}.Debug|Any CPU.ActiveCfg = Debug|Any CPU
		{A9074548-8023-9F54-5676-C2CD59F926B4}.Debug|Any CPU.Build.0 = Debug|Any CPU
		{A9074548-8023-9F54-5676-C2CD59F926B4}.Release|Any CPU.ActiveCfg = Release|Any CPU
		{A9074548-8023-9F54-5676-C2CD59F926B4}.Release|Any CPU.Build.0 = Release|Any CPU
		{7C045D80-0C9B-2D52-32B6-C7E111E017C0}.Debug|Any CPU.ActiveCfg = Debug|Any CPU
		{7C045D80-0C9B-2D52-32B6-C7E111E017C0}.Debug|Any CPU.Build.0 = Debug|Any CPU
		{7C045D80-0C9B-2D52-32B6-C7E111E017C0}.Release|Any CPU.ActiveCfg = Release|Any CPU
		{7C045D80-0C9B-2D52-32B6-C7E111E017C0}.Release|Any CPU.Build.0 = Release|Any CPU
		{4A11EAEA-576A-132A-819B-9E7AFC0833A5}.Debug|Any CPU.ActiveCfg = Debug|Any CPU
		{4A11EAEA-576A-132A-819B-9E7AFC0833A5}.Debug|Any CPU.Build.0 = Debug|Any CPU
		{4A11EAEA-576A-132A-819B-9E7AFC0833A5}.Release|Any CPU.ActiveCfg = Release|Any CPU
		{4A11EAEA-576A-132A-819B-9E7AFC0833A5}.Release|Any CPU.Build.0 = Release|Any CPU
	EndGlobalSection
	GlobalSection(SolutionProperties) = preSolution
		HideSolutionNode = FALSE
	EndGlobalSection
EndGlobal
